
Microsoft Visual Studio Solution File, Format Version 12.00
# Visual Studio 15
VisualStudioVersion = 15.0.27703.2035
MinimumVisualStudioVersion = 10.0.40219.1
Project("{FAE04EC0-301F-11D3-BF4B-00C04F79EFBC}") = "PipelineNet.Unity", "PipelineNet.Unity\PipelineNet.Unity.csproj", "{B908480B-0FB4-4334-A86A-DF3FC49FE928}"
EndProject
Project("{FAE04EC0-301F-11D3-BF4B-00C04F79EFBC}") = "PipelineNet.Unity.Tests", "PipelineNet.Unity.Tests\PipelineNet.Unity.Tests.csproj", "{321EAD56-6E15-4D2E-8260-2C7DEE29D484}"
EndProject
Global
	GlobalSection(SolutionConfigurationPlatforms) = preSolution
		Debug|Any CPU = Debug|Any CPU
		Release|Any CPU = Release|Any CPU
	EndGlobalSection
	GlobalSection(ProjectConfigurationPlatforms) = postSolution
		{B908480B-0FB4-4334-A86A-DF3FC49FE928}.Debug|Any CPU.ActiveCfg = Debug|Any CPU
		{B908480B-0FB4-4334-A86A-DF3FC49FE928}.Debug|Any CPU.Build.0 = Debug|Any CPU
		{B908480B-0FB4-4334-A86A-DF3FC49FE928}.Release|Any CPU.ActiveCfg = Release|Any CPU
		{B908480B-0FB4-4334-A86A-DF3FC49FE928}.Release|Any CPU.Build.0 = Release|Any CPU
		{321EAD56-6E15-4D2E-8260-2C7DEE29D484}.Debug|Any CPU.ActiveCfg = Debug|Any CPU
		{321EAD56-6E15-4D2E-8260-2C7DEE29D484}.Debug|Any CPU.Build.0 = Debug|Any CPU
		{321EAD56-6E15-4D2E-8260-2C7DEE29D484}.Release|Any CPU.ActiveCfg = Release|Any CPU
		{321EAD56-6E15-4D2E-8260-2C7DEE29D484}.Release|Any CPU.Build.0 = Release|Any CPU
	EndGlobalSection
	GlobalSection(SolutionProperties) = preSolution
		HideSolutionNode = FALSE
	EndGlobalSection
	GlobalSection(ExtensibilityGlobals) = postSolution
		SolutionGuid = {715163DD-C650-4287-B4AE-5B3E627A89D7}
	EndGlobalSection
EndGlobal
